{
  "lockfileVersion": 1,
  "workspaces": {
    "": {
      "name": "bun-ts-starter",
      "devDependencies": {
        "@mancuoj/prettier-config": "latest",
        "@types/bun": "latest",
        "bumpp": "^10.2.0",
        "bunup": "^0.8.71",
        "prettier": "latest",
        "typescript": "^5.8.3",
      },
    },
  },
  "packages": {
    "@antfu/install-pkg": ["@antfu/install-pkg@1.1.0", "", { "dependencies": { "package-manager-detector": "^1.3.0", "tinyexec": "^1.0.1" } }, "sha512-MGQsmw10ZyI+EJo45CdSER4zEb+p31LpDAFp2Z3gkSd1yqVZGi0Ebx++YTEMonJy4oChEMLsxZ64j8FH6sSqtQ=="],

    "@babel/helper-string-parser": ["@babel/helper-string-parser@7.27.1", "", {}, "sha512-qMlSxKbpRlAridDExk92nSobyDdpPijUq2DW6oDnUqd0iOGxmQjyqhMIihI9+zv4LPyZdRje2cavWPbCbWm3eA=="],

    "@babel/helper-validator-identifier": ["@babel/helper-validator-identifier@7.27.1", "", {}, "sha512-D2hP9eA+Sqx1kBZgzxZh0y1trbuU+JoDkiEwqhQ36nodYqJwyEIhPSdMNd7lOm/4io72luTPWH20Yda0xOuUow=="],

    "@babel/parser": ["@babel/parser@7.28.0", "", { "dependencies": { "@babel/types": "^7.28.0" }, "bin": "./bin/babel-parser.js" }, "sha512-jVZGvOxOuNSsuQuLRTh13nU0AogFlw32w/MT+LV6D3sP5WdbW61E77RnkbaO2dUvmPAYrBDJXGn5gGS6tH4j8g=="],

    "@babel/types": ["@babel/types@7.28.2", "", { "dependencies": { "@babel/helper-string-parser": "^7.27.1", "@babel/helper-validator-identifier": "^7.27.1" } }, "sha512-ruv7Ae4J5dUYULmeXw1gmb7rYRz57OWCPM57pHojnLq/3Z1CK2lNSLTCVjxVk1F/TZHwOZZrOWi0ur95BbLxNQ=="],

    "@clack/core": ["@clack/core@0.4.2", "", { "dependencies": { "picocolors": "^1.0.0", "sisteransi": "^1.0.5" } }, "sha512-NYQfcEy8MWIxrT5Fj8nIVchfRFA26yYKJcvBS7WlUIlw2OmQOY9DhGGXMovyI5J5PpxrCPGkgUi207EBrjpBvg=="],

    "@clack/prompts": ["@clack/prompts@0.10.1", "", { "dependencies": { "@clack/core": "0.4.2", "picocolors": "^1.0.0", "sisteransi": "^1.0.5" } }, "sha512-Q0T02vx8ZM9XSv9/Yde0jTmmBQufZhPJfYAg2XrrrxWWaZgq1rr8nU8Hv710BQ1dhoP8rtY7YUdpGej2Qza/cw=="],

    "@emnapi/core": ["@emnapi/core@1.4.5", "", { "dependencies": { "@emnapi/wasi-threads": "1.0.4", "tslib": "^2.4.0" } }, "sha512-XsLw1dEOpkSX/WucdqUhPWP7hDxSvZiY+fsUC14h+FtQ2Ifni4znbBt8punRX+Uj2JG/uDb8nEHVKvrVlvdZ5Q=="],

    "@emnapi/runtime": ["@emnapi/runtime@1.4.5", "", { "dependencies": { "tslib": "^2.4.0" } }, "sha512-++LApOtY0pEEz1zrd9vy1/zXVaVJJ/EbAF3u0fXIzPJEDtnITsBGbbK0EkM72amhl/R5b+5xx0Y/QhcVOpuulg=="],

    "@emnapi/wasi-threads": ["@emnapi/wasi-threads@1.0.4", "", { "dependencies": { "tslib": "^2.4.0" } }, "sha512-PJR+bOmMOPH8AtcTGAyYNiuJ3/Fcoj2XN/gBEWzDIKh254XO+mM9XoXHk5GNEhodxeMznbg7BlRojVbKN+gC6g=="],

    "@isaacs/cliui": ["@isaacs/cliui@8.0.2", "", { "dependencies": { "string-width": "^5.1.2", "string-width-cjs": "npm:string-width@^4.2.0", "strip-ansi": "^7.0.1", "strip-ansi-cjs": "npm:strip-ansi@^6.0.1", "wrap-ansi": "^8.1.0", "wrap-ansi-cjs": "npm:wrap-ansi@^7.0.0" } }, "sha512-O8jcjabXaleOG9DQ0+ARXWZBTfnP4WNAqzuiJK7ll44AmxGKv/J2M4TPjxjY3znBCfvBXFzucm1twdyFybFqEA=="],

    "@mancuoj/prettier-config": ["@mancuoj/prettier-config@0.5.0", "", { "dependencies": { "@antfu/install-pkg": "^1.1.0", "@prettier/plugin-oxc": "^0.0.4", "local-pkg": "^1.1.1", "picocolors": "^1.1.1" }, "bin": { "prettier-config": "cli.js" } }, "sha512-3dRB4WKIpKqV3JkSvcpQb17RZc7IE3+vahsfFsTWQz6KBqy5mGqnkFJFTpZ8dcsQn688h2RkDRcUiFc4Y8w4Jg=="],

    "@napi-rs/wasm-runtime": ["@napi-rs/wasm-runtime@0.2.12", "", { "dependencies": { "@emnapi/core": "^1.4.3", "@emnapi/runtime": "^1.4.3", "@tybys/wasm-util": "^0.10.0" } }, "sha512-ZVWUcfwY4E/yPitQJl481FjFo3K22D6qF0DuFH6Y/nbnE11GY5uguDxZMGXPQ8WQ0128MXQD7TnfHyK4oWoIJQ=="],

    "@oxc-minify/binding-android-arm64": ["@oxc-minify/binding-android-arm64@0.77.3", "", { "os": "android", "cpu": "arm64" }, "sha512-9bGiDHSkPr6eaP4+/2DQerG+V69Ut4mezL1JtBTk54Iyc6tNsoHa9s+3wJSUHesXEgiHd/IxwuSXRtD9yC3VhQ=="],

    "@oxc-minify/binding-darwin-arm64": ["@oxc-minify/binding-darwin-arm64@0.77.3", "", { "os": "darwin", "cpu": "arm64" }, "sha512-DcRuFK/W3VqIlS8Wvb9bwd5yX+QTlr2ds2f5HW52OPx4odFwyF3+dD6nj3kyxvxITtf6U3jjqyaZEkq+LSQ5RQ=="],

    "@oxc-minify/binding-darwin-x64": ["@oxc-minify/binding-darwin-x64@0.77.3", "", { "os": "darwin", "cpu": "x64" }, "sha512-ZOKwC0nRNKpDKZq+sbFTbzJbrGR+drhIx3jhaTzSFpTWyzs3m5PW0yB+bKhhrqnk1Y26jtNixykBNiyhuPhCxQ=="],

    "@oxc-minify/binding-freebsd-x64": ["@oxc-minify/binding-freebsd-x64@0.77.3", "", { "os": "freebsd", "cpu": "x64" }, "sha512-z2LgrCT0YjxNIZRTOBFY5/FnqGX9S5QvkC/yoYqfDDuest8T6feTN68xXWg6D8+vFJPukvKEGY1xGikybc33xA=="],

    "@oxc-minify/binding-linux-arm-gnueabihf": ["@oxc-minify/binding-linux-arm-gnueabihf@0.77.3", "", { "os": "linux", "cpu": "arm" }, "sha512-VdpPQk9Xuu6C+p2DprWAEhIyELBrZLAzipMxoRnmox/HlFigs+FIeEfklCMls3yMSLCu6wKTdMdWeRu+dLXEHg=="],

    "@oxc-minify/binding-linux-arm-musleabihf": ["@oxc-minify/binding-linux-arm-musleabihf@0.77.3", "", { "os": "linux", "cpu": "arm" }, "sha512-bhiPBIQKIxKtOSHgxYQiVeJ7CrfHWDZxaNFMf6ktDBmYBeD9lE9A356wDfgBPFkVOGV+juSPrnpu7qg2si/Q7Q=="],

    "@oxc-minify/binding-linux-arm64-gnu": ["@oxc-minify/binding-linux-arm64-gnu@0.77.3", "", { "os": "linux", "cpu": "arm64" }, "sha512-PYjFgTLCMxoa4yIgxVTNOltGk9nuPWTYZpDGEZu0he+0HC4iD86ZJIEl0mW0CaNaMU2np/7gAr+Izu3W71q+FQ=="],

    "@oxc-minify/binding-linux-arm64-musl": ["@oxc-minify/binding-linux-arm64-musl@0.77.3", "", { "os": "linux", "cpu": "arm64" }, "sha512-GWa6MyEIwrDfEruj9SmIi/eG0XyEPSSupbltCL2k/cYgb+aUl1lT3sJLbOlKZqBbTzpuouAd+CkDqz+8UH/0qA=="],

    "@oxc-minify/binding-linux-riscv64-gnu": ["@oxc-minify/binding-linux-riscv64-gnu@0.77.3", "", { "os": "linux", "cpu": "none" }, "sha512-Wj1h95rGfMMVu0NMBNzo56WaB+z/mBVFRF4ij4Dbf2oBy4o3qDe2Q5Doa5U5c1k/uJbsM1X/mV7vqqgkHdORBA=="],

    "@oxc-minify/binding-linux-s390x-gnu": ["@oxc-minify/binding-linux-s390x-gnu@0.77.3", "", { "os": "linux", "cpu": "s390x" }, "sha512-xTIGeZZoOfa7c4FU+1OcZTk73W/0YD2m3Zwg4p0Wtch+0Z6VRyu/7CENjBXpCRkWF4C8sgvl6d8ZKOzF5wU+Dw=="],

    "@oxc-minify/binding-linux-x64-gnu": ["@oxc-minify/binding-linux-x64-gnu@0.77.3", "", { "os": "linux", "cpu": "x64" }, "sha512-YkgfAVmdtPMqJO/elfYBstnwGjD2P0SJwAs02c84/1JKRemrjSKqSewg3ETFIpo43c6b0g9OtoWj47Wwpnka7A=="],

    "@oxc-minify/binding-linux-x64-musl": ["@oxc-minify/binding-linux-x64-musl@0.77.3", "", { "os": "linux", "cpu": "x64" }, "sha512-//A5mBFmxvV+JzqI2/94SFpEF+nev0I/urXwhYPe8qzCYTlnzwxodH0Yb6js+BgebqiPdYs6YEp5Q2C/6OgsbA=="],

    "@oxc-minify/binding-wasm32-wasi": ["@oxc-minify/binding-wasm32-wasi@0.77.3", "", { "dependencies": { "@napi-rs/wasm-runtime": "^1.0.0" }, "cpu": "none" }, "sha512-4RCG1ZZyEyKIaZE2vXyFnVocDF1jIbfE/f5qbb1l0Wql2s4K5m1QDkKqPAVPuCmYiJ6+X2HyWus5QGqgnUKrXA=="],

    "@oxc-minify/binding-win32-arm64-msvc": ["@oxc-minify/binding-win32-arm64-msvc@0.77.3", "", { "os": "win32", "cpu": "arm64" }, "sha512-ppyKF8Y3iASeIBnPDL0mwDxnlq/nnKFEZpZ9dy2hDma/JDD9qmOheP3CGYZyUnkS9r0LvEtrtR5/FjKXF2VQOw=="],

    "@oxc-minify/binding-win32-x64-msvc": ["@oxc-minify/binding-win32-x64-msvc@0.77.3", "", { "os": "win32", "cpu": "x64" }, "sha512-8IY7xgdZjBDFyQCF0s7EB7YzVB+C4+p8AKDbPfKLYhSlntIfIqTYvSXc3dZQb83OH6kDLAs1GpdWgb8ByDu4kg=="],

    "@oxc-parser/binding-android-arm64": ["@oxc-parser/binding-android-arm64@0.74.0", "", { "os": "android", "cpu": "arm64" }, "sha512-lgq8TJq22eyfojfa2jBFy2m66ckAo7iNRYDdyn9reXYA3I6Wx7tgGWVx1JAp1lO+aUiqdqP/uPlDaETL9tqRcg=="],

    "@oxc-parser/binding-darwin-arm64": ["@oxc-parser/binding-darwin-arm64@0.74.0", "", { "os": "darwin", "cpu": "arm64" }, "sha512-xbY/io/hkARggbpYEMFX6CwFzb7f4iS6WuBoBeZtdqRWfIEi7sm/uYWXfyVeB8uqOATvJ07WRFC2upI8PSI83g=="],

    "@oxc-parser/binding-darwin-x64": ["@oxc-parser/binding-darwin-x64@0.74.0", "", { "os": "darwin", "cpu": "x64" }, "sha512-FIj2gAGtFaW0Zk+TnGyenMUoRu1ju+kJ/h71D77xc1owOItbFZFGa+4WSVck1H8rTtceeJlK+kux+vCjGFCl9Q=="],

    "@oxc-parser/binding-freebsd-x64": ["@oxc-parser/binding-freebsd-x64@0.74.0", "", { "os": "freebsd", "cpu": "x64" }, "sha512-W1I+g5TJg0TRRMHgEWNWsTIfe782V3QuaPgZxnfPNmDMywYdtlzllzclBgaDq6qzvZCCQc/UhvNb37KWTCTj8A=="],

    "@oxc-parser/binding-linux-arm-gnueabihf": ["@oxc-parser/binding-linux-arm-gnueabihf@0.74.0", "", { "os": "linux", "cpu": "arm" }, "sha512-gxqkyRGApeVI8dgvJ19SYe59XASW3uVxF1YUgkE7peW/XIg5QRAOVTFKyTjI9acYuK1MF6OJHqx30cmxmZLtiQ=="],

    "@oxc-parser/binding-linux-arm-musleabihf": ["@oxc-parser/binding-linux-arm-musleabihf@0.74.0", "", { "os": "linux", "cpu": "arm" }, "sha512-jpnAUP4Fa93VdPPDzxxBguJmldj/Gpz7wTXKFzpAueqBMfZsy9KNC+0qT2uZ9HGUDMzNuKw0Se3bPCpL/gfD2Q=="],

    "@oxc-parser/binding-linux-arm64-gnu": ["@oxc-parser/binding-linux-arm64-gnu@0.74.0", "", { "os": "linux", "cpu": "arm64" }, "sha512-fcWyM7BNfCkHqIf3kll8fJctbR/PseL4RnS2isD9Y3FFBhp4efGAzhDaxIUK5GK7kIcFh1P+puIRig8WJ6IMVQ=="],

    "@oxc-parser/binding-linux-arm64-musl": ["@oxc-parser/binding-linux-arm64-musl@0.74.0", "", { "os": "linux", "cpu": "arm64" }, "sha512-AMY30z/C77HgiRRJX7YtVUaelKq1ex0aaj28XoJu4SCezdS8i0IftUNTtGS1UzGjGZB8zQz5SFwVy4dRu4GLwg=="],

    "@oxc-parser/binding-linux-riscv64-gnu": ["@oxc-parser/binding-linux-riscv64-gnu@0.74.0", "", { "os": "linux", "cpu": "none" }, "sha512-/RZAP24TgZo4vV/01TBlzRqs0R7E6xvatww4LnmZEBBulQBU/SkypDywfriFqWuFoa61WFXPV7sLcTjJGjim/w=="],

    "@oxc-parser/binding-linux-s390x-gnu": ["@oxc-parser/binding-linux-s390x-gnu@0.74.0", "", { "os": "linux", "cpu": "s390x" }, "sha512-620J1beNAlGSPBD+Msb3ptvrwxu04B8iULCH03zlf0JSLy/5sqlD6qBs0XUVkUJv1vbakUw1gfVnUQqv0UTuEg=="],

    "@oxc-parser/binding-linux-x64-gnu": ["@oxc-parser/binding-linux-x64-gnu@0.74.0", "", { "os": "linux", "cpu": "x64" }, "sha512-WBFgQmGtFnPNzHyLKbC1wkYGaRIBxXGofO0+hz1xrrkPgbxbJS1Ukva1EB8sPaVBBQ52Bdc2GjLSp721NWRvww=="],

    "@oxc-parser/binding-linux-x64-musl": ["@oxc-parser/binding-linux-x64-musl@0.74.0", "", { "os": "linux", "cpu": "x64" }, "sha512-y4mapxi0RGqlp3t6Sm+knJlAEqdKDYrEue2LlXOka/F2i4sRN0XhEMPiSOB3ppHmvK4I2zY2XBYTsX1Fel0fAg=="],

    "@oxc-parser/binding-wasm32-wasi": ["@oxc-parser/binding-wasm32-wasi@0.74.0", "", { "dependencies": { "@napi-rs/wasm-runtime": "^0.2.11" }, "cpu": "none" }, "sha512-yDS9bRDh5ymobiS2xBmjlrGdUuU61IZoJBaJC5fELdYT5LJNBXlbr3Yc6m2PWfRJwkH6Aq5fRvxAZ4wCbkGa8w=="],

    "@oxc-parser/binding-win32-arm64-msvc": ["@oxc-parser/binding-win32-arm64-msvc@0.74.0", "", { "os": "win32", "cpu": "arm64" }, "sha512-XFWY52Rfb4N5wEbMCTSBMxRkDLGbAI9CBSL24BIDywwDJMl31gHEVlmHdCDRoXAmanCI6gwbXYTrWe0HvXJ7Aw=="],

    "@oxc-parser/binding-win32-x64-msvc": ["@oxc-parser/binding-win32-x64-msvc@0.74.0", "", { "os": "win32", "cpu": "x64" }, "sha512-1D3x6iU2apLyfTQHygbdaNbX3nZaHu4yaXpD7ilYpoLo7f0MX0tUuoDrqJyJrVGqvyXgc0uz4yXz9tH9ZZhvvg=="],

    "@oxc-project/types": ["@oxc-project/types@0.74.0", "", {}, "sha512-KOw/RZrVlHGhCXh1RufBFF7Nuo7HdY5w1lRJukM/igIl6x9qtz8QycDvZdzb4qnHO7znrPyo2sJrFJK2eKHgfQ=="],

    "@oxc-resolver/binding-darwin-arm64": ["@oxc-resolver/binding-darwin-arm64@8.0.0", "", { "os": "darwin", "cpu": "arm64" }, "sha512-rfoeXQgvZREwcGJd6un2P5Ca+vK8kiHmE70CHB4gqGanGlwo6zS81IHHA1Jaw29KOZ6BayDkU0IhpMP0GI1Frg=="],

    "@oxc-resolver/binding-darwin-x64": ["@oxc-resolver/binding-darwin-x64@8.0.0", "", { "os": "darwin", "cpu": "x64" }, "sha512-RaeGUGem8xg12zJRw+hwozuTqGeMDw5+JsS+joe20lJrIsXJINFz1HJVhsK1BYc5CGUiOW6oqMEwgIYxkIgaPA=="],

    "@oxc-resolver/binding-freebsd-x64": ["@oxc-resolver/binding-freebsd-x64@8.0.0", "", { "os": "freebsd", "cpu": "x64" }, "sha512-LTTh5OgJvkhJInkgAwKuM7rBNjXFIQQSRc213hDGHTkTlYwWiV8Z3qVCzsOEECLs5Rr5NgaUIRuK3FBNglvGoA=="],

    "@oxc-resolver/binding-linux-arm-gnueabihf": ["@oxc-resolver/binding-linux-arm-gnueabihf@8.0.0", "", { "os": "linux", "cpu": "arm" }, "sha512-nwBhaGbh4Izc0/fMuG9F2vbKU0CDLBpl5bd6mqq8MFQy3bapmG4E+4MHiUpSjHNIzKicYcjdlD8MVXj116vrrg=="],

    "@oxc-resolver/binding-linux-arm64-gnu": ["@oxc-resolver/binding-linux-arm64-gnu@8.0.0", "", { "os": "linux", "cpu": "arm64" }, "sha512-a8TVuLSWt79NK7Svz/I1COCoJxAaFW8LxbuhBoIkTJMiqR1cI0ZRwBlk9jArsvgyW93+z2OyOTXeh+qUtEE+PA=="],

    "@oxc-resolver/binding-linux-arm64-musl": ["@oxc-resolver/binding-linux-arm64-musl@8.0.0", "", { "os": "linux", "cpu": "arm64" }, "sha512-Qitm6+dvYVpdiZxO4ICPXbFuBIvW9h5JxHt6zV2wlDtU2fGVn4zAQBPA43eFEvTQh4T3iemeWqqSQ7DYfFZjpw=="],

    "@oxc-resolver/binding-linux-riscv64-gnu": ["@oxc-resolver/binding-linux-riscv64-gnu@8.0.0", "", { "os": "linux", "cpu": "none" }, "sha512-RU26a4fKom41ZfnU9AsfvA199F6dcxKxeQL/fMG/61q7E50AUk/JLPegR+P0OM69GCkBmcBBaVluzfhE4cYs9w=="],

    "@oxc-resolver/binding-linux-s390x-gnu": ["@oxc-resolver/binding-linux-s390x-gnu@8.0.0", "", { "os": "linux", "cpu": "s390x" }, "sha512-jV81rg2jh5a1TK1M8acDwaRnCFbMkJn3iiGVESzRAKZ4tTuVYTPkMtdgAQvummO1naUE2LRZxh8dA4v+gOkdYQ=="],

    "@oxc-resolver/binding-linux-x64-gnu": ["@oxc-resolver/binding-linux-x64-gnu@8.0.0", "", { "os": "linux", "cpu": "x64" }, "sha512-Dv1kxSarwtUD90EW8yQDLX4vSZme7CgMcf19PYYBMRujF5D96GOL76w53kblGHsJ+E3CRSvCXoRvsoPIi1MhDg=="],

    "@oxc-resolver/binding-linux-x64-musl": ["@oxc-resolver/binding-linux-x64-musl@8.0.0", "", { "os": "linux", "cpu": "x64" }, "sha512-mLT1udjMfYKIoLgmvGWHingJn4bR9Yt9SodGpaKnFFCMs01timy4avmSyj75JDoyCnDiAmkAfBS1etlcz9XX8A=="],

    "@oxc-resolver/binding-wasm32-wasi": ["@oxc-resolver/binding-wasm32-wasi@8.0.0", "", { "dependencies": { "@napi-rs/wasm-runtime": "^0.2.9" }, "cpu": "none" }, "sha512-XRlYXYdNyZ4GEBfmrkXimBp2q5KuhccrQKq2epFe6Wif/5gx2TDItFtYSkEezrxMq6jdAIgEj6R5PjUNzqQxtQ=="],

    "@oxc-resolver/binding-win32-arm64-msvc": ["@oxc-resolver/binding-win32-arm64-msvc@8.0.0", "", { "os": "win32", "cpu": "arm64" }, "sha512-ZFWMIKI6fn/LLZtX3TsivSuQ4LkBIBfMRNpH3zImDi43S4hAsxzfK9uVjWUeaI4+22TbqIIP363ILgfKzhZ9Lg=="],

    "@oxc-resolver/binding-win32-x64-msvc": ["@oxc-resolver/binding-win32-x64-msvc@8.0.0", "", { "os": "win32", "cpu": "x64" }, "sha512-gbDIXWHtgfQUlCFUh7e7j8hhvtYNGSy9qOwGzJXBgWSCLuHmH2B5PRc4i2UJbYChSGD2H+4A38JnJxLb2/rs6w=="],

    "@oxc-transform/binding-darwin-arm64": ["@oxc-transform/binding-darwin-arm64@0.67.0", "", { "os": "darwin", "cpu": "arm64" }, "sha512-P3zBMhpOQceNSys3/ZqvrjuRvcIbVzfGFN/tH34HlVkOjOmfGK1mOWjORsGAZtbgh1muXrF6mQETLzFjfYndXQ=="],

    "@oxc-transform/binding-darwin-x64": ["@oxc-transform/binding-darwin-x64@0.67.0", "", { "os": "darwin", "cpu": "x64" }, "sha512-B52aeo/C3spYHcwFQ4nAbDkwbMKf0K6ncWM8GrVUgGu8PPECLBhjPCW11kPW/lt9FxwrdgVYVzPYlZ6wmJmpEA=="],

    "@oxc-transform/binding-linux-arm-gnueabihf": ["@oxc-transform/binding-linux-arm-gnueabihf@0.67.0", "", { "os": "linux", "cpu": "arm" }, "sha512-5Ir1eQrC9lvj/rR1TJVGwOR4yLgXTLmfKHIfpVH7GGSQrzK7VMUfHWX+dAsX1VutaeE8puXIqtYvf9cHLw78dw=="],

    "@oxc-transform/binding-linux-arm64-gnu": ["@oxc-transform/binding-linux-arm64-gnu@0.67.0", "", { "os": "linux", "cpu": "arm64" }, "sha512-zTqfPET5+hZfJ3/dMqJboKxrpXMXk+j2HVdvX0wVhW2MI7n7hwELl+In6Yu20nXuEyJkNQlWHbNPCUfpM+cBWw=="],

    "@oxc-transform/binding-linux-arm64-musl": ["@oxc-transform/binding-linux-arm64-musl@0.67.0", "", { "os": "linux", "cpu": "arm64" }, "sha512-jzz/ATUhZ8wetb4gm5GwzheZns3Qj1CZ+DIMmD8nBxQXszmTS/fqnAPpgzruyLqkXBUuUfF3pHv5f/UmuHReuQ=="],

    "@oxc-transform/binding-linux-x64-gnu": ["@oxc-transform/binding-linux-x64-gnu@0.67.0", "", { "os": "linux", "cpu": "x64" }, "sha512-Qy2+tfglJ8yX6guC1EDAnuuzRZIXciXO9UwOewxyiahLxwuTpj/wvvZN3Cb1SA3c14zrwb2TNMZvaXS1/OS5Pg=="],

    "@oxc-transform/binding-linux-x64-musl": ["@oxc-transform/binding-linux-x64-musl@0.67.0", "", { "os": "linux", "cpu": "x64" }, "sha512-tHoYgDIRhgvh+/wIrzAk3cUoj/LSSoJAdsZW9XRlaixFW/TF2puxRyaS1hRco0bcKTwotXl/eDYqZmhIfUyGRQ=="],

    "@oxc-transform/binding-wasm32-wasi": ["@oxc-transform/binding-wasm32-wasi@0.67.0", "", { "dependencies": { "@napi-rs/wasm-runtime": "^0.2.9" }, "cpu": "none" }, "sha512-ZPT+1HECf7WUnotodIuS8tvSkwaiCdC2DDw8HVRmlerbS6iPYIPKyBCvkSM4RyUx0kljZtB9AciLCkEbwy5/zA=="],

    "@oxc-transform/binding-win32-arm64-msvc": ["@oxc-transform/binding-win32-arm64-msvc@0.67.0", "", { "os": "win32", "cpu": "arm64" }, "sha512-+E3lOHCk4EuIk6IjshBAARknAUpgH+gHTtZxCPqK4AWYA+Tls2J6C0FVM48uZ4m3rZpAq8ZszM9JZVAkOaynBQ=="],

    "@oxc-transform/binding-win32-x64-msvc": ["@oxc-transform/binding-win32-x64-msvc@0.67.0", "", { "os": "win32", "cpu": "x64" }, "sha512-3pIIFb9g5aFrAODTQVJYitq+ONHgDJ4IYk/7pk+jsG6JpKUkURd0auUlxvriO11fFit5hdwy+wIbU4kBvyRUkg=="],

    "@pkgjs/parseargs": ["@pkgjs/parseargs@0.11.0", "", {}, "sha512-+1VkjdD0QBLPodGrJUeqarH8VAIvQODIbwh9XpP5Syisf7YoQgsJKPNFoqqLQlu+VQ/tVSshMR6loPMn8U+dPg=="],

    "@prettier/plugin-oxc": ["@prettier/plugin-oxc@0.0.4", "", { "dependencies": { "oxc-parser": "0.74.0" } }, "sha512-UGXe+g/rSRbglL0FOJiar+a+nUrst7KaFmsg05wYbKiInGWP6eAj/f8A2Uobgo5KxEtb2X10zeflNH6RK2xeIQ=="],

    "@tybys/wasm-util": ["@tybys/wasm-util@0.10.0", "", { "dependencies": { "tslib": "^2.4.0" } }, "sha512-VyyPYFlOMNylG45GoAe0xDoLwWuowvf92F9kySqzYh8vmYm7D2u4iUJKa1tOUpS70Ku13ASrOkS4ScXFsTaCNQ=="],

    "@types/bun": ["@types/bun@1.2.19", "", { "dependencies": { "bun-types": "1.2.19" } }, "sha512-d9ZCmrH3CJ2uYKXQIUuZ/pUnTqIvLDS0SK7pFmbx8ma+ziH/FRMoAq5bYpRG7y+w1gl+HgyNZbtqgMq4W4e2Lg=="],

    "@types/node": ["@types/node@24.1.0", "", { "dependencies": { "undici-types": "~7.8.0" } }, "sha512-ut5FthK5moxFKH2T1CUOC6ctR67rQRvvHdFLCD2Ql6KXmMuCrjsSsRI9UsLCm9M18BMwClv4pn327UvB7eeO1w=="],

    "@types/react": ["@types/react@19.1.8", "", { "dependencies": { "csstype": "^3.0.2" } }, "sha512-AwAfQ2Wa5bCx9WP8nZL2uMZWod7J7/JSplxbTmBQ5ms6QpqNYm672H0Vu9ZVKVngQ+ii4R/byguVEUZQyeg44g=="],

    "acorn": ["acorn@8.15.0", "", { "bin": { "acorn": "bin/acorn" } }, "sha512-NZyJarBfL7nWwIq+FDL6Zp/yHEhePMNnnJ0y3qfieCrmNvYct8uvtiV41UvlSe6apAfk0fY1FbWx+NwfmpvtTg=="],

    "ansi-regex": ["ansi-regex@5.0.1", "", {}, "sha512-quJQXlTSUGL2LH9SUXo8VwsY4soanhgo6LNSm84E1LBcE8s3O0wpdiRzyR9z/ZZJMlMWv37qOOb9pdJlMUEKFQ=="],

    "ansi-styles": ["ansi-styles@4.3.0", "", { "dependencies": { "color-convert": "^2.0.1" } }, "sha512-zbB9rCJAT1rbjiVDb2hqKFHNYLxgtk8NURxZ3IZwD3F6NtxbXZQCnnSi1Lkx+IDohdPlFp222wVALIheZJQSEg=="],

    "ansis": ["ansis@4.1.0", "", {}, "sha512-BGcItUBWSMRgOCe+SVZJ+S7yTRG0eGt9cXAHev72yuGcY23hnLA7Bky5L/xLyPINoSN95geovfBkqoTlNZYa7w=="],

    "args-tokenizer": ["args-tokenizer@0.3.0", "", {}, "sha512-xXAd7G2Mll5W8uo37GETpQ2VrE84M181Z7ugHFGQnJZ50M2mbOv0osSZ9VsSgPfJQ+LVG0prSi0th+ELMsno7Q=="],

    "balanced-match": ["balanced-match@1.0.2", "", {}, "sha512-3oSeUO0TMV67hN1AmbXsK4yaqU7tjiHlbxRDZOpH0KW9+CeX4bRAaX0Anxt0tx2MrpRpWwQaPwIlISEJhYU5Pw=="],

    "brace-expansion": ["brace-expansion@2.0.2", "", { "dependencies": { "balanced-match": "^1.0.0" } }, "sha512-Jt0vHyM+jmUBqojB7E1NIYadt0vI0Qxjxd2TErW94wDz+E2LAm5vKMXXwg6ZZBTHPuUlDgQHKXvjGBdfcF1ZDQ=="],

    "bumpp": ["bumpp@10.2.0", "", { "dependencies": { "ansis": "^4.1.0", "args-tokenizer": "^0.3.0", "c12": "^3.0.4", "cac": "^6.7.14", "escalade": "^3.2.0", "jsonc-parser": "^3.3.1", "package-manager-detector": "^1.3.0", "semver": "^7.7.2", "tinyexec": "^1.0.1", "tinyglobby": "^0.2.14", "yaml": "^2.8.0" }, "bin": { "bumpp": "bin/bumpp.mjs" } }, "sha512-1EJ2NG3M3WYJj4m+GtcxNH6Y7zMQ8q68USMoUGKjM6qFTVXSXCnTxcQSUDV7j4KjLVbk2uK6345Z+6RKOv0w5A=="],

    "bun-types": ["bun-types@1.2.19", "", { "dependencies": { "@types/node": "*" }, "peerDependencies": { "@types/react": "^19" } }, "sha512-uAOTaZSPuYsWIXRpj7o56Let0g/wjihKCkeRqUBhlLVM/Bt+Fj9xTo+LhC1OV1XDaGkz4hNC80et5xgy+9KTHQ=="],

    "bunup": ["bunup@0.8.71", "", { "dependencies": { "@clack/prompts": "^0.10.1", "chokidar": "^4.0.3", "coffi": "^0.1.31", "fast-deep-equal": "^3.1.3", "giget": "^2.0.0", "picocolors": "^1.1.1", "replace-in-file": "^8.3.0", "tinyexec": "^1.0.1", "typeroll": "^0.6.21" }, "peerDependencies": { "lightningcss": ">=1.17.0", "typescript": ">=4.5.0" }, "optionalPeers": ["lightningcss", "typescript"], "bin": { "bunup": "dist/cli/index.js" } }, "sha512-Jsw/mb07wP0opGxBt0N3JWX2bPCMPFdQQpQfJg6NR3JP5LOtZrWJSYhV3fAinKswwIArux6f/kGDarK7vOYagQ=="],

    "c12": ["c12@3.1.0", "", { "dependencies": { "chokidar": "^4.0.3", "confbox": "^0.2.2", "defu": "^6.1.4", "dotenv": "^16.6.1", "exsolve": "^1.0.7", "giget": "^2.0.0", "jiti": "^2.4.2", "ohash": "^2.0.11", "pathe": "^2.0.3", "perfect-debounce": "^1.0.0", "pkg-types": "^2.2.0", "rc9": "^2.1.2" }, "peerDependencies": { "magicast": "^0.3.5" }, "optionalPeers": ["magicast"] }, "sha512-uWoS8OU1MEIsOv8p/5a82c3H31LsWVR5qiyXVfBNOzfffjUWtPnhAb4BYI2uG2HfGmZmFjCtui5XNWaps+iFuw=="],

    "cac": ["cac@6.7.14", "", {}, "sha512-b6Ilus+c3RrdDk+JhLKUAQfzzgLEPy6wcXqS7f/xe1EETvsDP6GORG7SFuOs6cID5YkqchW/LXZbX5bc8j7ZcQ=="],

    "chalk": ["chalk@5.4.1", "", {}, "sha512-zgVZuo2WcZgfUEmsn6eO3kINexW8RAE4maiQ8QNs8CtpPCSyMiYsULR3HQYkm3w8FIA3SberyMJMSldGsW+U3w=="],

    "chokidar": ["chokidar@4.0.3", "", { "dependencies": { "readdirp": "^4.0.1" } }, "sha512-Qgzu8kfBvo+cA4962jnP1KkS6Dop5NS6g7R5LFYJr4b8Ub94PPQXUksCw9PvXoeXPRRddRNC5C1JQUR2SMGtnA=="],

    "citty": ["citty@0.1.6", "", { "dependencies": { "consola": "^3.2.3" } }, "sha512-tskPPKEs8D2KPafUypv2gxwJP8h/OaJmC82QQGGDQcHvXX43xF2VDACcJVmZ0EuSxkpO9Kc4MlrA3q0+FG58AQ=="],

    "cliui": ["cliui@8.0.1", "", { "dependencies": { "string-width": "^4.2.0", "strip-ansi": "^6.0.1", "wrap-ansi": "^7.0.0" } }, "sha512-BSeNnyus75C4//NQ9gQt1/csTXyo/8Sb+afLAkzAptFuMsod9HFokGNudZpi/oQV73hnVK+sR+5PVRMd+Dr7YQ=="],

    "coffi": ["coffi@0.1.31", "", { "dependencies": { "strip-json-comments": "^5.0.1" } }, "sha512-P+VkRnJpZV2kTwUihHR3EFzx+ij19a9HeJgWQyAX8TjH1byKbMIpFlMawZOJauMq5CNb1zkVleOh8oaoRNQrvQ=="],

    "color-convert": ["color-convert@2.0.1", "", { "dependencies": { "color-name": "~1.1.4" } }, "sha512-RRECPsj7iu/xb5oKYcsFHSppFNnsj/52OVTRKb4zP5onXwVF3zVmmToNcOfGC+CRDpfK/U584fMg38ZHCaElKQ=="],

    "color-name": ["color-name@1.1.4", "", {}, "sha512-dOy+3AuW3a2wNbZHIuMZpTcgjGuLU/uBL/ubcZF9OXbDo8ff4O8yVp5Bf0efS8uEoYo5q4Fx7dY9OgQGXgAsQA=="],

    "confbox": ["confbox@0.2.2", "", {}, "sha512-1NB+BKqhtNipMsov4xI/NnhCKp9XG9NamYp5PVm9klAT0fsrNPjaFICsCFhNhwZJKNh7zB/3q8qXz0E9oaMNtQ=="],

    "consola": ["consola@3.4.2", "", {}, "sha512-5IKcdX0nnYavi6G7TtOhwkYzyjfJlatbjMjuLSfE2kYT5pMDOilZ4OvMhi637CcDICTmz3wARPoyhqyX1Y+XvA=="],

    "cross-spawn": ["cross-spawn@7.0.6", "", { "dependencies": { "path-key": "^3.1.0", "shebang-command": "^2.0.0", "which": "^2.0.1" } }, "sha512-uV2QOWP2nWzsy2aMp8aRibhi9dlzF5Hgh5SHaB9OiTGEyDTiJJyx0uy51QXdyWbtAHNua4XJzUKca3OzKUd3vA=="],

    "csstype": ["csstype@3.1.3", "", {}, "sha512-M1uQkMl8rQK/szD0LNhtqxIPLpimGm8sOBwU7lLnCpSbTyY3yeU1Vc7l4KT5zT4s/yOxHH5O7tIuuLOCnLADRw=="],

    "defu": ["defu@6.1.4", "", {}, "sha512-mEQCMmwJu317oSz8CwdIOdwf3xMif1ttiM8LTufzc3g6kR+9Pe236twL8j3IYT1F7GfRgGcW6MWxzZjLIkuHIg=="],

    "destr": ["destr@2.0.5", "", {}, "sha512-ugFTXCtDZunbzasqBxrK93Ik/DRYsO6S/fedkWEMKqt04xZ4csmnmwGDBAb07QWNaGMAmnTIemsYZCksjATwsA=="],

    "dotenv": ["dotenv@16.6.1", "", {}, "sha512-uBq4egWHTcTt33a72vpSG0z3HnPuIl6NqYcTrKEg2azoEyl2hpW0zqlxysq2pK9HlDIHyHyakeYaYnSAwd8bow=="],

    "eastasianwidth": ["eastasianwidth@0.2.0", "", {}, "sha512-I88TYZWc9XiYHRQ4/3c5rjjfgkjhLyW2luGIheGERbNQ6OY7yTybanSpDXZa8y7VUP9YmDcYa+eyq4ca7iLqWA=="],

    "emoji-regex": ["emoji-regex@8.0.0", "", {}, "sha512-MSjYzcWNOA0ewAHpz0MxpYFvwg6yjy1NG3xteoqz644VCo/RPgnr1/GGt+ic3iJTzQ8Eu3TdM14SawnVUmGE6A=="],

    "escalade": ["escalade@3.2.0", "", {}, "sha512-WUj2qlxaQtO4g6Pq5c29GTcWGDyd8itL8zTlipgECz3JesAiiOKotd8JU6otB3PACgG6xkJUyVhboMS+bje/jA=="],

    "exsolve": ["exsolve@1.0.7", "", {}, "sha512-VO5fQUzZtI6C+vx4w/4BWJpg3s/5l+6pRQEHzFRM8WFi4XffSP1Z+4qi7GbjWbvRQEbdIco5mIMq+zX4rPuLrw=="],

    "fast-deep-equal": ["fast-deep-equal@3.1.3", "", {}, "sha512-f3qQ9oQy9j2AhBe/H9VC91wLmKBCCU/gDOnKNAYG5hswO7BLKj09Hc5HYNz9cGI++xlpDCIgDaitVs03ATR84Q=="],

    "fdir": ["fdir@6.4.6", "", { "peerDependencies": { "picomatch": "^3 || ^4" }, "optionalPeers": ["picomatch"] }, "sha512-hiFoqpyZcfNm1yc4u8oWCf9A2c4D3QjCrks3zmoVKVxpQRzmPNar1hUJcBG2RQHvEVGDN+Jm81ZheVLAQMK6+w=="],

    "foreground-child": ["foreground-child@3.3.1", "", { "dependencies": { "cross-spawn": "^7.0.6", "signal-exit": "^4.0.1" } }, "sha512-gIXjKqtFuWEgzFRJA9WCQeSJLZDjgJUOMCMzxtvFq/37KojM1BFGufqsCy0r4qSQmYLsZYMeyRqzIWOMup03sw=="],

    "get-caller-file": ["get-caller-file@2.0.5", "", {}, "sha512-DyFP3BM/3YHTQOCUL/w0OZHR0lpKeGrxotcHWcqNEdnltqFwXVfhEBQ94eIo34AfQpo0rGki4cyIiftY06h2Fg=="],

    "giget": ["giget@2.0.0", "", { "dependencies": { "citty": "^0.1.6", "consola": "^3.4.0", "defu": "^6.1.4", "node-fetch-native": "^1.6.6", "nypm": "^0.6.0", "pathe": "^2.0.3" }, "bin": { "giget": "dist/cli.mjs" } }, "sha512-L5bGsVkxJbJgdnwyuheIunkGatUF/zssUoxxjACCseZYAVbaqdh9Tsmmlkl8vYan09H7sbvKt4pS8GqKLBrEzA=="],

    "glob": ["glob@10.4.5", "", { "dependencies": { "foreground-child": "^3.1.0", "jackspeak": "^3.1.2", "minimatch": "^9.0.4", "minipass": "^7.1.2", "package-json-from-dist": "^1.0.0", "path-scurry": "^1.11.1" }, "bin": { "glob": "dist/esm/bin.mjs" } }, "sha512-7Bv8RF0k6xjo7d4A/PxYLbUCfb6c+Vpd2/mB2yRDlew7Jb5hEXiCD9ibfO7wpk8i4sevK6DFny9h7EYbM3/sHg=="],

    "is-fullwidth-code-point": ["is-fullwidth-code-point@3.0.0", "", {}, "sha512-zymm5+u+sCsSWyD9qNaejV3DFvhCKclKdizYaJUuHA83RLjb7nSuGnddCHGv0hk+KY7BMAlsWeK4Ueg6EV6XQg=="],

    "isexe": ["isexe@2.0.0", "", {}, "sha512-RHxMLp9lnKHGHRng9QFhRCMbYAcVpn69smSGcq3f36xjgVVWThj4qqLbTLlq7Ssj8B+fIQ1EuCEGI2lKsyQeIw=="],

    "jackspeak": ["jackspeak@3.4.3", "", { "dependencies": { "@isaacs/cliui": "^8.0.2" }, "optionalDependencies": { "@pkgjs/parseargs": "^0.11.0" } }, "sha512-OGlZQpz2yfahA/Rd1Y8Cd9SIEsqvXkLVoSw/cgwhnhFMDbsQFeZYoJJ7bIZBS9BcamUW96asq/npPWugM+RQBw=="],

    "jiti": ["jiti@2.5.1", "", { "bin": { "jiti": "lib/jiti-cli.mjs" } }, "sha512-twQoecYPiVA5K/h6SxtORw/Bs3ar+mLUtoPSc7iMXzQzK8d7eJ/R09wmTwAjiamETn1cXYPGfNnu7DMoHgu12w=="],

    "jsonc-parser": ["jsonc-parser@3.3.1", "", {}, "sha512-HUgH65KyejrUFPvHFPbqOY0rsFip3Bo5wb4ngvdi1EpCYWUQDC5V+Y7mZws+DLkr4M//zQJoanu1SP+87Dv1oQ=="],

    "local-pkg": ["local-pkg@1.1.1", "", { "dependencies": { "mlly": "^1.7.4", "pkg-types": "^2.0.1", "quansync": "^0.2.8" } }, "sha512-WunYko2W1NcdfAFpuLUoucsgULmgDBRkdxHxWQ7mK0cQqwPiy8E1enjuRBrhLtZkB5iScJ1XIPdhVEFK8aOLSg=="],

    "lru-cache": ["lru-cache@10.4.3", "", {}, "sha512-JNAzZcXrCt42VGLuYz0zfAzDfAvJWW6AfYlDBQyDV5DClI2m5sAmK+OIO7s59XfsRsWHp02jAJrRadPRGTt6SQ=="],

    "minimatch": ["minimatch@9.0.5", "", { "dependencies": { "brace-expansion": "^2.0.1" } }, "sha512-G6T0ZX48xgozx7587koeX9Ys2NYy6Gmv//P89sEte9V9whIapMNF4idKxnW2QtCcLiTWlb/wfCabAtAFWhhBow=="],

    "minipass": ["minipass@7.1.2", "", {}, "sha512-qOOzS1cBTWYF4BH8fVePDBOO9iptMnGUEZwNc/cMWnTV2nVLZ7VoNWEPHkYczZA0pdoA7dl6e7FL659nX9S2aw=="],

    "mlly": ["mlly@1.7.4", "", { "dependencies": { "acorn": "^8.14.0", "pathe": "^2.0.1", "pkg-types": "^1.3.0", "ufo": "^1.5.4" } }, "sha512-qmdSIPC4bDJXgZTCR7XosJiNKySV7O215tsPtDN9iEO/7q/76b/ijtgRu/+epFXSJhijtTCCGp3DWS549P3xKw=="],

    "node-fetch-native": ["node-fetch-native@1.6.6", "", {}, "sha512-8Mc2HhqPdlIfedsuZoc3yioPuzp6b+L5jRCRY1QzuWZh2EGJVQrGppC6V6cF0bLdbW0+O2YpqCA25aF/1lvipQ=="],

    "nypm": ["nypm@0.6.0", "", { "dependencies": { "citty": "^0.1.6", "consola": "^3.4.0", "pathe": "^2.0.3", "pkg-types": "^2.0.0", "tinyexec": "^0.3.2" }, "bin": { "nypm": "dist/cli.mjs" } }, "sha512-mn8wBFV9G9+UFHIrq+pZ2r2zL4aPau/by3kJb3cM7+5tQHMt6HGQB8FDIeKFYp8o0D2pnH6nVsO88N4AmUxIWg=="],

    "ohash": ["ohash@2.0.11", "", {}, "sha512-RdR9FQrFwNBNXAr4GixM8YaRZRJ5PUWbKYbE5eOsrwAjJW0q2REGcf79oYPsLyskQCZG1PLN+S/K1V00joZAoQ=="],

    "oxc-minify": ["oxc-minify@0.77.3", "", { "optionalDependencies": { "@oxc-minify/binding-android-arm64": "0.77.3", "@oxc-minify/binding-darwin-arm64": "0.77.3", "@oxc-minify/binding-darwin-x64": "0.77.3", "@oxc-minify/binding-freebsd-x64": "0.77.3", "@oxc-minify/binding-linux-arm-gnueabihf": "0.77.3", "@oxc-minify/binding-linux-arm-musleabihf": "0.77.3", "@oxc-minify/binding-linux-arm64-gnu": "0.77.3", "@oxc-minify/binding-linux-arm64-musl": "0.77.3", "@oxc-minify/binding-linux-riscv64-gnu": "0.77.3", "@oxc-minify/binding-linux-s390x-gnu": "0.77.3", "@oxc-minify/binding-linux-x64-gnu": "0.77.3", "@oxc-minify/binding-linux-x64-musl": "0.77.3", "@oxc-minify/binding-wasm32-wasi": "0.77.3", "@oxc-minify/binding-win32-arm64-msvc": "0.77.3", "@oxc-minify/binding-win32-x64-msvc": "0.77.3" } }, "sha512-fYCSYazHno31eATVyHNyP2MEEMrVLaKVglac7bIoJC/qlb3x+Vqhv4eUViseOkoGM46rb9k8ZdDwhsEMtFUQhA=="],

    "oxc-parser": ["oxc-parser@0.74.0", "", { "dependencies": { "@oxc-project/types": "^0.74.0" }, "optionalDependencies": { "@oxc-parser/binding-android-arm64": "0.74.0", "@oxc-parser/binding-darwin-arm64": "0.74.0", "@oxc-parser/binding-darwin-x64": "0.74.0", "@oxc-parser/binding-freebsd-x64": "0.74.0", "@oxc-parser/binding-linux-arm-gnueabihf": "0.74.0", "@oxc-parser/binding-linux-arm-musleabihf": "0.74.0", "@oxc-parser/binding-linux-arm64-gnu": "0.74.0", "@oxc-parser/binding-linux-arm64-musl": "0.74.0", "@oxc-parser/binding-linux-riscv64-gnu": "0.74.0", "@oxc-parser/binding-linux-s390x-gnu": "0.74.0", "@oxc-parser/binding-linux-x64-gnu": "0.74.0", "@oxc-parser/binding-linux-x64-musl": "0.74.0", "@oxc-parser/binding-wasm32-wasi": "0.74.0", "@oxc-parser/binding-win32-arm64-msvc": "0.74.0", "@oxc-parser/binding-win32-x64-msvc": "0.74.0" } }, "sha512-2tDN/ttU8WE6oFh8EzKNam7KE7ZXSG5uXmvX85iNzxdJfMssDWcj3gpYzZi1E04XuE7m3v1dVWl/8BE886vPGw=="],

    "oxc-resolver": ["oxc-resolver@8.0.0", "", { "optionalDependencies": { "@oxc-resolver/binding-darwin-arm64": "8.0.0", "@oxc-resolver/binding-darwin-x64": "8.0.0", "@oxc-resolver/binding-freebsd-x64": "8.0.0", "@oxc-resolver/binding-linux-arm-gnueabihf": "8.0.0", "@oxc-resolver/binding-linux-arm64-gnu": "8.0.0", "@oxc-resolver/binding-linux-arm64-musl": "8.0.0", "@oxc-resolver/binding-linux-riscv64-gnu": "8.0.0", "@oxc-resolver/binding-linux-s390x-gnu": "8.0.0", "@oxc-resolver/binding-linux-x64-gnu": "8.0.0", "@oxc-resolver/binding-linux-x64-musl": "8.0.0", "@oxc-resolver/binding-wasm32-wasi": "8.0.0", "@oxc-resolver/binding-win32-arm64-msvc": "8.0.0", "@oxc-resolver/binding-win32-x64-msvc": "8.0.0" } }, "sha512-qY7JxZ9FPL1n4hcLi5y8JVKVLRUbFLw9PZ0zsK/xdIHJpJOu4DLEGXepyNjPtnTY+WDAj75LR+JjbDHj0sqlBA=="],

    "oxc-transform": ["oxc-transform@0.67.0", "", { "optionalDependencies": { "@oxc-transform/binding-darwin-arm64": "0.67.0", "@oxc-transform/binding-darwin-x64": "0.67.0", "@oxc-transform/binding-linux-arm-gnueabihf": "0.67.0", "@oxc-transform/binding-linux-arm64-gnu": "0.67.0", "@oxc-transform/binding-linux-arm64-musl": "0.67.0", "@oxc-transform/binding-linux-x64-gnu": "0.67.0", "@oxc-transform/binding-linux-x64-musl": "0.67.0", "@oxc-transform/binding-wasm32-wasi": "0.67.0", "@oxc-transform/binding-win32-arm64-msvc": "0.67.0", "@oxc-transform/binding-win32-x64-msvc": "0.67.0" } }, "sha512-QXwmpLfNrXZoHgIjEtDEf6lhwmvHouNtstNgg/UveczVIjo8VSzd5h25Ea96PoX9KzReJUY/qYa4QSNkJpZGfA=="],

    "package-json-from-dist": ["package-json-from-dist@1.0.1", "", {}, "sha512-UEZIS3/by4OC8vL3P2dTXRETpebLI2NiI5vIrjaD/5UtrkFX/tNbwjTSRAGC/+7CAo2pIcBaRgWmcBBHcsaCIw=="],

    "package-manager-detector": ["package-manager-detector@1.3.0", "", {}, "sha512-ZsEbbZORsyHuO00lY1kV3/t72yp6Ysay6Pd17ZAlNGuGwmWDLCJxFpRs0IzfXfj1o4icJOkUEioexFHzyPurSQ=="],

    "path-key": ["path-key@3.1.1", "", {}, "sha512-ojmeN0qd+y0jszEtoY48r0Peq5dwMEkIlCOu6Q5f41lfkswXuKtYrhgoTpLnyIcHm24Uhqx+5Tqm2InSwLhE6Q=="],

    "path-scurry": ["path-scurry@1.11.1", "", { "dependencies": { "lru-cache": "^10.2.0", "minipass": "^5.0.0 || ^6.0.2 || ^7.0.0" } }, "sha512-Xa4Nw17FS9ApQFJ9umLiJS4orGjm7ZzwUrwamcGQuHSzDyth9boKDaycYdDcZDuqYATXw4HFXgaqWTctW/v1HA=="],

    "pathe": ["pathe@2.0.3", "", {}, "sha512-WUjGcAqP1gQacoQe+OBJsFA7Ld4DyXuUIjZ5cc75cLHvJ7dtNsTugphxIADwspS+AraAUePCKrSVtPLFj/F88w=="],

    "perfect-debounce": ["perfect-debounce@1.0.0", "", {}, "sha512-xCy9V055GLEqoFaHoC1SoLIaLmWctgCUaBaWxDZ7/Zx4CTyX7cJQLJOok/orfjZAh9kEYpjJa4d0KcJmCbctZA=="],

    "picocolors": ["picocolors@1.1.1", "", {}, "sha512-xceH2snhtb5M9liqDsmEw56le376mTZkEX/jEb/RxNFyegNul7eNslCXP9FDj/Lcu0X8KEyMceP2ntpaHrDEVA=="],

    "picomatch": ["picomatch@4.0.3", "", {}, "sha512-5gTmgEY/sqK6gFXLIsQNH19lWb4ebPDLA4SdLP7dsWkIXHWlG66oPuVvXSGFPppYZz8ZDZq0dYYrbHfBCVUb1Q=="],

    "pkg-types": ["pkg-types@2.2.0", "", { "dependencies": { "confbox": "^0.2.2", "exsolve": "^1.0.7", "pathe": "^2.0.3" } }, "sha512-2SM/GZGAEkPp3KWORxQZns4M+WSeXbC2HEvmOIJe3Cmiv6ieAJvdVhDldtHqM5J1Y7MrR1XhkBT/rMlhh9FdqQ=="],

    "prettier": ["prettier@3.6.2", "", { "bin": { "prettier": "bin/prettier.cjs" } }, "sha512-I7AIg5boAr5R0FFtJ6rCfD+LFsWHp81dolrFD8S79U9tb8Az2nGrJncnMSnys+bpQJfRUzqs9hnA81OAA3hCuQ=="],

    "quansync": ["quansync@0.2.10", "", {}, "sha512-t41VRkMYbkHyCYmOvx/6URnN80H7k4X0lLdBMGsz+maAwrJQYB1djpV6vHrQIBE0WBSGqhtEHrK9U3DWWH8v7A=="],

    "rc9": ["rc9@2.1.2", "", { "dependencies": { "defu": "^6.1.4", "destr": "^2.0.3" } }, "sha512-btXCnMmRIBINM2LDZoEmOogIZU7Qe7zn4BpomSKZ/ykbLObuBdvG+mFq11DL6fjH1DRwHhrlgtYWG96bJiC7Cg=="],

    "readdirp": ["readdirp@4.1.2", "", {}, "sha512-GDhwkLfywWL2s6vEjyhri+eXmfH6j1L7JE27WhqLeYzoh/A3DBaYGEj2H/HFZCn/kMfim73FXxEJTw06WtxQwg=="],

    "replace-in-file": ["replace-in-file@8.3.0", "", { "dependencies": { "chalk": "^5.3.0", "glob": "^10.4.2", "yargs": "^17.7.2" }, "bin": { "replace-in-file": "bin/cli.js" } }, "sha512-4VhddQiMCPIuypiwHDTM+XHjZoVu9h7ngBbSCnwGRcwdHwxltjt/m//Ep3GDwqaOx1fDSrKFQ+n7uo4uVcEz9Q=="],

    "require-directory": ["require-directory@2.1.1", "", {}, "sha512-fGxEI7+wsG9xrvdjsrlmL22OMTTiHRwAMroiEeMgq8gzoLC/PQr7RsRDSTLUg/bZAZtF+TVIkHc6/4RIKrui+Q=="],

    "semver": ["semver@7.7.2", "", { "bin": { "semver": "bin/semver.js" } }, "sha512-RF0Fw+rO5AMf9MAyaRXI4AV0Ulj5lMHqVxxdSgiVbixSCXoEmmX/jk0CuJw4+3SqroYO9VoUh+HcuJivvtJemA=="],

    "shebang-command": ["shebang-command@2.0.0", "", { "dependencies": { "shebang-regex": "^3.0.0" } }, "sha512-kHxr2zZpYtdmrN1qDjrrX/Z1rR1kG8Dx+gkpK1G4eXmvXswmcE1hTWBWYUzlraYw1/yZp6YuDY77YtvbN0dmDA=="],

    "shebang-regex": ["shebang-regex@3.0.0", "", {}, "sha512-7++dFhtcx3353uBaq8DDR4NuxBetBzC7ZQOhmTQInHEd6bSrXdiEyzCvG07Z44UYdLShWUyXt5M/yhz8ekcb1A=="],

    "signal-exit": ["signal-exit@4.1.0", "", {}, "sha512-bzyZ1e88w9O1iNJbKnOlvYTrWPDl46O1bG0D3XInv+9tkPrxrN8jUUTiFlDkkmKWgn1M6CfIA13SuGqOa9Korw=="],

    "sisteransi": ["sisteransi@1.0.5", "", {}, "sha512-bLGGlR1QxBcynn2d5YmDX4MGjlZvy2MRBDRNHLJ8VI6l6+9FUiyTFNJ0IveOSP0bcXgVDPRcfGqA0pjaqUpfVg=="],

    "std-env": ["std-env@3.9.0", "", {}, "sha512-UGvjygr6F6tpH7o2qyqR6QYpwraIjKSdtzyBdyytFOHmPZY917kwdwLG0RbOjWOnKmnm3PeHjaoLLMie7kPLQw=="],

    "string-width": ["string-width@4.2.3", "", { "dependencies": { "emoji-regex": "^8.0.0", "is-fullwidth-code-point": "^3.0.0", "strip-ansi": "^6.0.1" } }, "sha512-wKyQRQpjJ0sIp62ErSZdGsjMJWsap5oRNihHhu6G7JVO/9jIB6UyevL+tXuOqrng8j/cxKTWyWUwvSTriiZz/g=="],

    "string-width-cjs": ["string-width@4.2.3", "", { "dependencies": { "emoji-regex": "^8.0.0", "is-fullwidth-code-point": "^3.0.0", "strip-ansi": "^6.0.1" } }, "sha512-wKyQRQpjJ0sIp62ErSZdGsjMJWsap5oRNihHhu6G7JVO/9jIB6UyevL+tXuOqrng8j/cxKTWyWUwvSTriiZz/g=="],

    "strip-ansi": ["strip-ansi@6.0.1", "", { "dependencies": { "ansi-regex": "^5.0.1" } }, "sha512-Y38VPSHcqkFrCpFnQ9vuSXmquuv5oXOKpGeT6aGrr3o3Gc9AlVa6JBfUSOCnbxGGZF+/0ooI7KrPuUSztUdU5A=="],

    "strip-ansi-cjs": ["strip-ansi@6.0.1", "", { "dependencies": { "ansi-regex": "^5.0.1" } }, "sha512-Y38VPSHcqkFrCpFnQ9vuSXmquuv5oXOKpGeT6aGrr3o3Gc9AlVa6JBfUSOCnbxGGZF+/0ooI7KrPuUSztUdU5A=="],

    "strip-json-comments": ["strip-json-comments@5.0.2", "", {}, "sha512-4X2FR3UwhNUE9G49aIsJW5hRRR3GXGTBTZRMfv568O60ojM8HcWjV/VxAxCDW3SUND33O6ZY66ZuRcdkj73q2g=="],

    "tinyexec": ["tinyexec@1.0.1", "", {}, "sha512-5uC6DDlmeqiOwCPmK9jMSdOuZTh8bU39Ys6yidB+UTt5hfZUPGAypSgFRiEp+jbi9qH40BLDvy85jIU88wKSqw=="],

    "tinyglobby": ["tinyglobby@0.2.14", "", { "dependencies": { "fdir": "^6.4.4", "picomatch": "^4.0.2" } }, "sha512-tX5e7OM1HnYr2+a2C/4V0htOcSQcoSTH9KgJnVvNm5zm/cyEWKJ7j7YutsH9CxMdtOkkLFy2AHrMci9IM8IPZQ=="],

    "ts-import-resolver": ["ts-import-resolver@0.1.23", "", { "peerDependencies": { "typescript": ">=4.5.0" }, "optionalPeers": ["typescript"] }, "sha512-282pgr6j6aOvP3P2I6XugDxdBobkpdMmdbWjRjGl5gjPI1p0+oTNGDh1t924t75kRlyIkF65DiwhSIUysmyHQA=="],

    "tslib": ["tslib@2.8.1", "", {}, "sha512-oJFu94HQb+KVduSUQL7wnpmqnfmLsOA/nAh6b6EH0wCEoK0/mPeXU6c3wKDV83MkOuHPRHtSXKKU99IBazS/2w=="],

    "typeroll": ["typeroll@0.6.21", "", { "dependencies": { "@babel/parser": "^7.28.0", "@babel/types": "^7.28.1", "coffi": "^0.1.31", "oxc-minify": "^0.77.2", "oxc-resolver": "^8.0.0", "oxc-transform": "^0.67.0", "picocolors": "^1.1.1", "std-env": "^3.9.0", "ts-import-resolver": "^0.1.23" }, "peerDependencies": { "typescript": ">=4.5.0" }, "optionalPeers": ["typescript"] }, "sha512-23z1HVuCfRHKe7YzgCr8N+xrRcNUCBkk9mDtzh8VawoOY3QJT0FA8ixa4ooZqF4NKgNe+HCUbcT71H8JLNBohA=="],

    "typescript": ["typescript@5.8.3", "", { "bin": { "tsc": "bin/tsc", "tsserver": "bin/tsserver" } }, "sha512-p1diW6TqL9L07nNxvRMM7hMMw4c5XOo/1ibL4aAIGmSAt9slTE1Xgw5KWuof2uTOvCg9BY7ZRi+GaF+7sfgPeQ=="],

    "ufo": ["ufo@1.6.1", "", {}, "sha512-9a4/uxlTWJ4+a5i0ooc1rU7C7YOw3wT+UGqdeNNHWnOF9qcMBgLRS+4IYUqbczewFx4mLEig6gawh7X6mFlEkA=="],

    "undici-types": ["undici-types@7.8.0", "", {}, "sha512-9UJ2xGDvQ43tYyVMpuHlsgApydB8ZKfVYTsLDhXkFL/6gfkp+U8xTGdh8pMJv1SpZna0zxG1DwsKZsreLbXBxw=="],

    "which": ["which@2.0.2", "", { "dependencies": { "isexe": "^2.0.0" }, "bin": { "node-which": "./bin/node-which" } }, "sha512-BLI3Tl1TW3Pvl70l3yq3Y64i+awpwXqsGBYWkkqMtnbXgrMD+yj7rhW0kuEDxzJaYXGjEW5ogapKNMEKNMjibA=="],

    "wrap-ansi": ["wrap-ansi@7.0.0", "", { "dependencies": { "ansi-styles": "^4.0.0", "string-width": "^4.1.0", "strip-ansi": "^6.0.0" } }, "sha512-YVGIj2kamLSTxw6NsZjoBxfSwsn0ycdesmc4p+Q21c5zPuZ1pl+NfxVdxPtdHvmNVOQ6XSYG4AUtyt/Fi7D16Q=="],

    "wrap-ansi-cjs": ["wrap-ansi@7.0.0", "", { "dependencies": { "ansi-styles": "^4.0.0", "string-width": "^4.1.0", "strip-ansi": "^6.0.0" } }, "sha512-YVGIj2kamLSTxw6NsZjoBxfSwsn0ycdesmc4p+Q21c5zPuZ1pl+NfxVdxPtdHvmNVOQ6XSYG4AUtyt/Fi7D16Q=="],

    "y18n": ["y18n@5.0.8", "", {}, "sha512-0pfFzegeDWJHJIAmTLRP2DwHjdF5s7jo9tuztdQxAhINCdvS+3nGINqPd00AphqJR/0LhANUS6/+7SCb98YOfA=="],

    "yaml": ["yaml@2.8.0", "", { "bin": { "yaml": "bin.mjs" } }, "sha512-4lLa/EcQCB0cJkyts+FpIRx5G/llPxfP6VQU5KByHEhLxY3IJCH0f0Hy1MHI8sClTvsIb8qwRJ6R/ZdlDJ/leQ=="],

    "yargs": ["yargs@17.7.2", "", { "dependencies": { "cliui": "^8.0.1", "escalade": "^3.1.1", "get-caller-file": "^2.0.5", "require-directory": "^2.1.1", "string-width": "^4.2.3", "y18n": "^5.0.5", "yargs-parser": "^21.1.1" } }, "sha512-7dSzzRQ++CKnNI/krKnYRV7JKKPUXMEh61soaHKg9mrWEhzFWhFnxPxGl+69cD1Ou63C13NUPCnmIcrvqCuM6w=="],

    "yargs-parser": ["yargs-parser@21.1.1", "", {}, "sha512-tVpsJW7DdjecAiFpbIB1e3qxIQsE6NoPc5/eTdrbbIC4h0LVsWhnoa3g+m2HclBIujHzsxZ4VJVA+GUuc2/LBw=="],

    "@isaacs/cliui/string-width": ["string-width@5.1.2", "", { "dependencies": { "eastasianwidth": "^0.2.0", "emoji-regex": "^9.2.2", "strip-ansi": "^7.0.1" } }, "sha512-HnLOCR3vjcY8beoNLtcjZ5/nxn2afmME6lhrDrebokqMap+XbeW8n9TXpPDOqdGK5qcI3oT0GKTW6wC7EMiVqA=="],

    "@isaacs/cliui/strip-ansi": ["strip-ansi@7.1.0", "", { "dependencies": { "ansi-regex": "^6.0.1" } }, "sha512-iq6eVVI64nQQTRYq2KtEg2d2uU7LElhTJwsH4YzIHZshxlgZms/wIc4VoDQTlG/IvVIrBKG06CrZnp0qv7hkcQ=="],

    "@isaacs/cliui/wrap-ansi": ["wrap-ansi@8.1.0", "", { "dependencies": { "ansi-styles": "^6.1.0", "string-width": "^5.0.1", "strip-ansi": "^7.0.1" } }, "sha512-si7QWI6zUMq56bESFvagtmzMdGOtoxfR+Sez11Mobfc7tm+VkUckk9bW2UeffTGVUbOksxmSw0AA2gs8g71NCQ=="],

    "@oxc-minify/binding-wasm32-wasi/@napi-rs/wasm-runtime": ["@napi-rs/wasm-runtime@1.0.1", "", { "dependencies": { "@emnapi/core": "^1.4.5", "@emnapi/runtime": "^1.4.5", "@tybys/wasm-util": "^0.10.0" } }, "sha512-KVlQ/jgywZpixGCKMNwxStmmbYEMyokZpCf2YuIChhfJA2uqfAKNEM8INz7zzTo55iEXfBhIIs3VqYyqzDLj8g=="],

    "mlly/pkg-types": ["pkg-types@1.3.1", "", { "dependencies": { "confbox": "^0.1.8", "mlly": "^1.7.4", "pathe": "^2.0.1" } }, "sha512-/Jm5M4RvtBFVkKWRu2BLUTNP8/M2a+UwuAX+ae4770q1qVGtfjG+WTCupoZixokjmHiry8uI+dlY8KXYV5HVVQ=="],

    "nypm/tinyexec": ["tinyexec@0.3.2", "", {}, "sha512-KQQR9yN7R5+OSwaK0XQoj22pwHoTlgYqmUscPYoknOoWCWfj/5/ABTMRi69FrKU5ffPVh5QcFikpWJI/P1ocHA=="],

    "@isaacs/cliui/string-width/emoji-regex": ["emoji-regex@9.2.2", "", {}, "sha512-L18DaJsXSUk2+42pv8mLs5jJT2hqFkFE4j21wOmgbUqsZ2hL72NsUU785g9RXgo3s0ZNgVl42TiHp3ZtOv/Vyg=="],

    "@isaacs/cliui/strip-ansi/ansi-regex": ["ansi-regex@6.1.0", "", {}, "sha512-7HSX4QQb4CspciLpVFwyRe79O3xsIZDDLER21kERQ71oaPodF8jL725AgJMFAYbooIqolJoRLuM81SpeUkpkvA=="],

    "@isaacs/cliui/wrap-ansi/ansi-styles": ["ansi-styles@6.2.1", "", {}, "sha512-bN798gFfQX+viw3R7yrGWRqnrN2oRkEkUjjl4JNn4E8GxxbjtG3FbrEIIY3l8/hrwUwIeCZvi4QuOTP4MErVug=="],

    "mlly/pkg-types/confbox": ["confbox@0.1.8", "", {}, "sha512-RMtmw0iFkeR4YV+fUOSucriAQNb9g8zFR52MWCtl+cCZOFRNL6zeB395vPzFhEjjn4fMxXudmELnl/KF/WrK6w=="],
  }
}
